
Microsoft Visual Studio Solution File, Format Version 12.00
# Visual Studio Version 17
VisualStudioVersion = 17.14.36301.6
MinimumVisualStudioVersion = 10.0.40219.1
Project("{FAE04EC0-301F-11D3-BF4B-00C04F79EFBC}") = "SchoolHealthWPF", "SchoolHealthWPF\SchoolHealthWPF.csproj", "{3CC76409-74E9-4A9E-B242-5166DBE241AF}"
EndProject
Project("{FAE04EC0-301F-11D3-BF4B-00C04F79EFBC}") = "DAL", "DAL\DAL.csproj", "{66A3E5E0-724F-45B2-9950-1F7D717BA0C9}"
EndProject
Project("{FAE04EC0-301F-11D3-BF4B-00C04F79EFBC}") = "BLL", "BLL\BLL.csproj", "{0FCD4605-3B6A-4416-9BD0-71A279B4A6A1}"
EndProject
Global
	GlobalSection(SolutionConfigurationPlatforms) = preSolution
		Debug|Any CPU = Debug|Any CPU
		Release|Any CPU = Release|Any CPU
	EndGlobalSection
	GlobalSection(ProjectConfigurationPlatforms) = postSolution
		{3CC76409-74E9-4A9E-B242-5166DBE241AF}.Debug|Any CPU.ActiveCfg = Debug|Any CPU
		{3CC76409-74E9-4A9E-B242-5166DBE241AF}.Debug|Any CPU.Build.0 = Debug|Any CPU
		{3CC76409-74E9-4A9E-B242-5166DBE241AF}.Release|Any CPU.ActiveCfg = Release|Any CPU
		{3CC76409-74E9-4A9E-B242-5166DBE241AF}.Release|Any CPU.Build.0 = Release|Any CPU
		{66A3E5E0-724F-45B2-9950-1F7D717BA0C9}.Debug|Any CPU.ActiveCfg = Debug|Any CPU
		{66A3E5E0-724F-45B2-9950-1F7D717BA0C9}.Debug|Any CPU.Build.0 = Debug|Any CPU
		{66A3E5E0-724F-45B2-9950-1F7D717BA0C9}.Release|Any CPU.ActiveCfg = Release|Any CPU
		{66A3E5E0-724F-45B2-9950-1F7D717BA0C9}.Release|Any CPU.Build.0 = Release|Any CPU
		{0FCD4605-3B6A-4416-9BD0-71A279B4A6A1}.Debug|Any CPU.ActiveCfg = Debug|Any CPU
		{0FCD4605-3B6A-4416-9BD0-71A279B4A6A1}.Debug|Any CPU.Build.0 = Debug|Any CPU
		{0FCD4605-3B6A-4416-9BD0-71A279B4A6A1}.Release|Any CPU.ActiveCfg = Release|Any CPU
		{0FCD4605-3B6A-4416-9BD0-71A279B4A6A1}.Release|Any CPU.Build.0 = Release|Any CPU
	EndGlobalSection
	GlobalSection(SolutionProperties) = preSolution
		HideSolutionNode = FALSE
	EndGlobalSection
	GlobalSection(ExtensibilityGlobals) = postSolution
		SolutionGuid = {D2CDF066-FE50-4770-A441-5F0BBF275589}
	EndGlobalSection
EndGlobal
